
Microsoft Visual Studio Solution File, Format Version 12.00
# Visual Studio Version 17
VisualStudioVersion = 17.0.32014.148
MinimumVisualStudioVersion = 10.0.40219.1
Project("{9A19103F-16F7-4668-BE54-9A1E7A4F7556}") = "RapidPay", "RapidPay\RapidPay.csproj", "{AA84395D-52B8-42E8-B159-E6C5E47AC7B6}"
EndProject
Project("{9A19103F-16F7-4668-BE54-9A1E7A4F7556}") = "RapidPay.Domain", "RapidPay.Domain\RapidPay.Domain.csproj", "{D87FBE7F-5E5C-4AB8-8CB8-47C1AB0946D2}"
EndProject
Project("{9A19103F-16F7-4668-BE54-9A1E7A4F7556}") = "RapidPay.Infra", "RapidPay.Infra\RapidPay.Infra.csproj", "{C31DFD14-6BE9-4FEC-B0FE-CE737A337B0F}"
EndProject
Project("{9A19103F-16F7-4668-BE54-9A1E7A4F7556}") = "RapidPay.Application", "RapidPay.Application\RapidPay.Application.csproj", "{53C455C1-FCAE-43B2-8366-74EAF74DCBCC}"
EndProject
Global
	GlobalSection(SolutionConfigurationPlatforms) = preSolution
		Debug|Any CPU = Debug|Any CPU
		Release|Any CPU = Release|Any CPU
	EndGlobalSection
	GlobalSection(ProjectConfigurationPlatforms) = postSolution
		{AA84395D-52B8-42E8-B159-E6C5E47AC7B6}.Debug|Any CPU.ActiveCfg = Debug|Any CPU
		{AA84395D-52B8-42E8-B159-E6C5E47AC7B6}.Debug|Any CPU.Build.0 = Debug|Any CPU
		{AA84395D-52B8-42E8-B159-E6C5E47AC7B6}.Release|Any CPU.ActiveCfg = Release|Any CPU
		{AA84395D-52B8-42E8-B159-E6C5E47AC7B6}.Release|Any CPU.Build.0 = Release|Any CPU
		{D87FBE7F-5E5C-4AB8-8CB8-47C1AB0946D2}.Debug|Any CPU.ActiveCfg = Debug|Any CPU
		{D87FBE7F-5E5C-4AB8-8CB8-47C1AB0946D2}.Debug|Any CPU.Build.0 = Debug|Any CPU
		{D87FBE7F-5E5C-4AB8-8CB8-47C1AB0946D2}.Release|Any CPU.ActiveCfg = Release|Any CPU
		{D87FBE7F-5E5C-4AB8-8CB8-47C1AB0946D2}.Release|Any CPU.Build.0 = Release|Any CPU
		{C31DFD14-6BE9-4FEC-B0FE-CE737A337B0F}.Debug|Any CPU.ActiveCfg = Debug|Any CPU
		{C31DFD14-6BE9-4FEC-B0FE-CE737A337B0F}.Debug|Any CPU.Build.0 = Debug|Any CPU
		{C31DFD14-6BE9-4FEC-B0FE-CE737A337B0F}.Release|Any CPU.ActiveCfg = Release|Any CPU
		{C31DFD14-6BE9-4FEC-B0FE-CE737A337B0F}.Release|Any CPU.Build.0 = Release|Any CPU
		{53C455C1-FCAE-43B2-8366-74EAF74DCBCC}.Debug|Any CPU.ActiveCfg = Debug|Any CPU
		{53C455C1-FCAE-43B2-8366-74EAF74DCBCC}.Debug|Any CPU.Build.0 = Debug|Any CPU
		{53C455C1-FCAE-43B2-8366-74EAF74DCBCC}.Release|Any CPU.ActiveCfg = Release|Any CPU
		{53C455C1-FCAE-43B2-8366-74EAF74DCBCC}.Release|Any CPU.Build.0 = Release|Any CPU
	EndGlobalSection
	GlobalSection(SolutionProperties) = preSolution
		HideSolutionNode = FALSE
	EndGlobalSection
	GlobalSection(ExtensibilityGlobals) = postSolution
		SolutionGuid = {DA646A2F-F362-449A-858E-CFC7AF89D878}
	EndGlobalSection
EndGlobal
